
Microsoft Visual Studio Solution File, Format Version 12.00
# Visual Studio Version 17
VisualStudioVersion = 17.5.002.0
MinimumVisualStudioVersion = 10.0.40219.1
Project("{9A19103F-16F7-4668-BE54-9A1E7A4F7556}") = "roulette-r6", "roulette-r6.csproj", "{0B7274EA-0D45-474A-A72E-AAACABD87ED7}"
EndProject
Global
	GlobalSection(SolutionConfigurationPlatforms) = preSolution
		Debug|Any CPU = Debug|Any CPU
		Release|Any CPU = Release|Any CPU
	EndGlobalSection
	GlobalSection(ProjectConfigurationPlatforms) = postSolution
		{0B7274EA-0D45-474A-A72E-AAACABD87ED7}.Debug|Any CPU.ActiveCfg = Debug|Any CPU
		{0B7274EA-0D45-474A-A72E-AAACABD87ED7}.Debug|Any CPU.Build.0 = Debug|Any CPU
		{0B7274EA-0D45-474A-A72E-AAACABD87ED7}.Release|Any CPU.ActiveCfg = Release|Any CPU
		{0B7274EA-0D45-474A-A72E-AAACABD87ED7}.Release|Any CPU.Build.0 = Release|Any CPU
	EndGlobalSection
	GlobalSection(SolutionProperties) = preSolution
		HideSolutionNode = FALSE
	EndGlobalSection
	GlobalSection(ExtensibilityGlobals) = postSolution
		SolutionGuid = {AB765826-1943-4FD1-8389-20C88B51C1D6}
	EndGlobalSection
EndGlobal
